
Microsoft Visual Studio Solution File, Format Version 12.00
# Visual Studio 14
VisualStudioVersion = 14.0.25420.1
MinimumVisualStudioVersion = 10.0.40219.1
Project("{8BC9CEB8-8B4A-11D0-8D11-00A0C91BC942}") = "fn61988_prob1_gcc", "fn61988_prob1_gcc\fn61988_prob1_gcc.vcxproj", "{2260DF62-D060-4F19-850B-136719AF6664}"
EndProject
Project("{8BC9CEB8-8B4A-11D0-8D11-00A0C91BC942}") = "fn61988_prob2_gcc", "fn61988_prob2_gcc\fn61988_prob2_gcc.vcxproj", "{E4A7EEC2-F6AA-4966-9781-1D8F84012575}"
EndProject
Project("{8BC9CEB8-8B4A-11D0-8D11-00A0C91BC942}") = "fn61988_prob3_gcc", "fn61988_prob3_gcc\fn61988_prob3_gcc.vcxproj", "{0579E18E-0D45-487C-A198-71CECDEF9FEF}"
EndProject
Project("{8BC9CEB8-8B4A-11D0-8D11-00A0C91BC942}") = "fn61988_prob6_gcc", "fn61988_prob6_gcc\fn61988_prob6_gcc.vcxproj", "{B143F93A-F5FD-4A34-97DD-3D91A022A027}"
EndProject
Project("{8BC9CEB8-8B4A-11D0-8D11-00A0C91BC942}") = "fn61988_prob4_gcc", "fn61988_prob4_gcc\fn61988_prob4_gcc.vcxproj", "{49ACA265-6DAB-4551-9693-A928D54A3710}"
EndProject
Project("{8BC9CEB8-8B4A-11D0-8D11-00A0C91BC942}") = "fn61988_prob8_gcc", "fn61988_prob8_gcc\fn61988_prob8_gcc.vcxproj", "{948E773B-06CE-4A60-8A92-DB9994947187}"
EndProject
Project("{8BC9CEB8-8B4A-11D0-8D11-00A0C91BC942}") = "fn61988_prob9_gcc", "fn61988_prob9_gcc\fn61988_prob9_gcc.vcxproj", "{7DE40A92-33B0-482E-855C-A794B1B4BA9F}"
EndProject
Project("{8BC9CEB8-8B4A-11D0-8D11-00A0C91BC942}") = "fn61988_prob10_gcc", "fn61988_prob10_gcc\fn61988_prob10_gcc.vcxproj", "{746148B3-4FC7-4750-9F99-429C6FDD00A5}"
EndProject
Project("{8BC9CEB8-8B4A-11D0-8D11-00A0C91BC942}") = "fn61988_prob5_gcc", "fn61988_prob5_gcc\fn61988_prob5_gcc.vcxproj", "{54CE9DDF-D137-473D-81C1-CF4F10B12C84}"
EndProject
Project("{8BC9CEB8-8B4A-11D0-8D11-00A0C91BC942}") = "fn61988_prob7_gcc", "fn61988_prob7_gcc\fn61988_prob7_gcc.vcxproj", "{09E821DF-7820-4EC2-8071-4C95F484295C}"
EndProject
Global
	GlobalSection(SolutionConfigurationPlatforms) = preSolution
		Debug|x64 = Debug|x64
		Debug|x86 = Debug|x86
		Release|x64 = Release|x64
		Release|x86 = Release|x86
	EndGlobalSection
	GlobalSection(ProjectConfigurationPlatforms) = postSolution
		{2260DF62-D060-4F19-850B-136719AF6664}.Debug|x64.ActiveCfg = Debug|x64
		{2260DF62-D060-4F19-850B-136719AF6664}.Debug|x64.Build.0 = Debug|x64
		{2260DF62-D060-4F19-850B-136719AF6664}.Debug|x86.ActiveCfg = Debug|Win32
		{2260DF62-D060-4F19-850B-136719AF6664}.Debug|x86.Build.0 = Debug|Win32
		{2260DF62-D060-4F19-850B-136719AF6664}.Release|x64.ActiveCfg = Release|x64
		{2260DF62-D060-4F19-850B-136719AF6664}.Release|x64.Build.0 = Release|x64
		{2260DF62-D060-4F19-850B-136719AF6664}.Release|x86.ActiveCfg = Release|Win32
		{2260DF62-D060-4F19-850B-136719AF6664}.Release|x86.Build.0 = Release|Win32
		{E4A7EEC2-F6AA-4966-9781-1D8F84012575}.Debug|x64.ActiveCfg = Debug|x64
		{E4A7EEC2-F6AA-4966-9781-1D8F84012575}.Debug|x64.Build.0 = Debug|x64
		{E4A7EEC2-F6AA-4966-9781-1D8F84012575}.Debug|x86.ActiveCfg = Debug|Win32
		{E4A7EEC2-F6AA-4966-9781-1D8F84012575}.Debug|x86.Build.0 = Debug|Win32
		{E4A7EEC2-F6AA-4966-9781-1D8F84012575}.Release|x64.ActiveCfg = Release|x64
		{E4A7EEC2-F6AA-4966-9781-1D8F84012575}.Release|x64.Build.0 = Release|x64
		{E4A7EEC2-F6AA-4966-9781-1D8F84012575}.Release|x86.ActiveCfg = Release|Win32
		{E4A7EEC2-F6AA-4966-9781-1D8F84012575}.Release|x86.Build.0 = Release|Win32
		{0579E18E-0D45-487C-A198-71CECDEF9FEF}.Debug|x64.ActiveCfg = Debug|x64
		{0579E18E-0D45-487C-A198-71CECDEF9FEF}.Debug|x64.Build.0 = Debug|x64
		{0579E18E-0D45-487C-A198-71CECDEF9FEF}.Debug|x86.ActiveCfg = Debug|Win32
		{0579E18E-0D45-487C-A198-71CECDEF9FEF}.Debug|x86.Build.0 = Debug|Win32
		{0579E18E-0D45-487C-A198-71CECDEF9FEF}.Release|x64.ActiveCfg = Release|x64
		{0579E18E-0D45-487C-A198-71CECDEF9FEF}.Release|x64.Build.0 = Release|x64
		{0579E18E-0D45-487C-A198-71CECDEF9FEF}.Release|x86.ActiveCfg = Release|Win32
		{0579E18E-0D45-487C-A198-71CECDEF9FEF}.Release|x86.Build.0 = Release|Win32
		{B143F93A-F5FD-4A34-97DD-3D91A022A027}.Debug|x64.ActiveCfg = Debug|x64
		{B143F93A-F5FD-4A34-97DD-3D91A022A027}.Debug|x64.Build.0 = Debug|x64
		{B143F93A-F5FD-4A34-97DD-3D91A022A027}.Debug|x86.ActiveCfg = Debug|Win32
		{B143F93A-F5FD-4A34-97DD-3D91A022A027}.Debug|x86.Build.0 = Debug|Win32
		{B143F93A-F5FD-4A34-97DD-3D91A022A027}.Release|x64.ActiveCfg = Release|x64
		{B143F93A-F5FD-4A34-97DD-3D91A022A027}.Release|x64.Build.0 = Release|x64
		{B143F93A-F5FD-4A34-97DD-3D91A022A027}.Release|x86.ActiveCfg = Release|Win32
		{B143F93A-F5FD-4A34-97DD-3D91A022A027}.Release|x86.Build.0 = Release|Win32
		{49ACA265-6DAB-4551-9693-A928D54A3710}.Debug|x64.ActiveCfg = Debug|x64
		{49ACA265-6DAB-4551-9693-A928D54A3710}.Debug|x64.Build.0 = Debug|x64
		{49ACA265-6DAB-4551-9693-A928D54A3710}.Debug|x86.ActiveCfg = Debug|Win32
		{49ACA265-6DAB-4551-9693-A928D54A3710}.Debug|x86.Build.0 = Debug|Win32
		{49ACA265-6DAB-4551-9693-A928D54A3710}.Release|x64.ActiveCfg = Release|x64
		{49ACA265-6DAB-4551-9693-A928D54A3710}.Release|x64.Build.0 = Release|x64
		{49ACA265-6DAB-4551-9693-A928D54A3710}.Release|x86.ActiveCfg = Release|Win32
		{49ACA265-6DAB-4551-9693-A928D54A3710}.Release|x86.Build.0 = Release|Win32
		{948E773B-06CE-4A60-8A92-DB9994947187}.Debug|x64.ActiveCfg = Debug|x64
		{948E773B-06CE-4A60-8A92-DB9994947187}.Debug|x64.Build.0 = Debug|x64
		{948E773B-06CE-4A60-8A92-DB9994947187}.Debug|x86.ActiveCfg = Debug|Win32
		{948E773B-06CE-4A60-8A92-DB9994947187}.Debug|x86.Build.0 = Debug|Win32
		{948E773B-06CE-4A60-8A92-DB9994947187}.Release|x64.ActiveCfg = Release|x64
		{948E773B-06CE-4A60-8A92-DB9994947187}.Release|x64.Build.0 = Release|x64
		{948E773B-06CE-4A60-8A92-DB9994947187}.Release|x86.ActiveCfg = Release|Win32
		{948E773B-06CE-4A60-8A92-DB9994947187}.Release|x86.Build.0 = Release|Win32
		{7DE40A92-33B0-482E-855C-A794B1B4BA9F}.Debug|x64.ActiveCfg = Debug|x64
		{7DE40A92-33B0-482E-855C-A794B1B4BA9F}.Debug|x64.Build.0 = Debug|x64
		{7DE40A92-33B0-482E-855C-A794B1B4BA9F}.Debug|x86.ActiveCfg = Debug|Win32
		{7DE40A92-33B0-482E-855C-A794B1B4BA9F}.Debug|x86.Build.0 = Debug|Win32
		{7DE40A92-33B0-482E-855C-A794B1B4BA9F}.Release|x64.ActiveCfg = Release|x64
		{7DE40A92-33B0-482E-855C-A794B1B4BA9F}.Release|x64.Build.0 = Release|x64
		{7DE40A92-33B0-482E-855C-A794B1B4BA9F}.Release|x86.ActiveCfg = Release|Win32
		{7DE40A92-33B0-482E-855C-A794B1B4BA9F}.Release|x86.Build.0 = Release|Win32
		{746148B3-4FC7-4750-9F99-429C6FDD00A5}.Debug|x64.ActiveCfg = Debug|x64
		{746148B3-4FC7-4750-9F99-429C6FDD00A5}.Debug|x64.Build.0 = Debug|x64
		{746148B3-4FC7-4750-9F99-429C6FDD00A5}.Debug|x86.ActiveCfg = Debug|Win32
		{746148B3-4FC7-4750-9F99-429C6FDD00A5}.Debug|x86.Build.0 = Debug|Win32
		{746148B3-4FC7-4750-9F99-429C6FDD00A5}.Release|x64.ActiveCfg = Release|x64
		{746148B3-4FC7-4750-9F99-429C6FDD00A5}.Release|x64.Build.0 = Release|x64
		{746148B3-4FC7-4750-9F99-429C6FDD00A5}.Release|x86.ActiveCfg = Release|Win32
		{746148B3-4FC7-4750-9F99-429C6FDD00A5}.Release|x86.Build.0 = Release|Win32
		{54CE9DDF-D137-473D-81C1-CF4F10B12C84}.Debug|x64.ActiveCfg = Debug|x64
		{54CE9DDF-D137-473D-81C1-CF4F10B12C84}.Debug|x64.Build.0 = Debug|x64
		{54CE9DDF-D137-473D-81C1-CF4F10B12C84}.Debug|x86.ActiveCfg = Debug|Win32
		{54CE9DDF-D137-473D-81C1-CF4F10B12C84}.Debug|x86.Build.0 = Debug|Win32
		{54CE9DDF-D137-473D-81C1-CF4F10B12C84}.Release|x64.ActiveCfg = Release|x64
		{54CE9DDF-D137-473D-81C1-CF4F10B12C84}.Release|x64.Build.0 = Release|x64
		{54CE9DDF-D137-473D-81C1-CF4F10B12C84}.Release|x86.ActiveCfg = Release|Win32
		{54CE9DDF-D137-473D-81C1-CF4F10B12C84}.Release|x86.Build.0 = Release|Win32
		{09E821DF-7820-4EC2-8071-4C95F484295C}.Debug|x64.ActiveCfg = Debug|x64
		{09E821DF-7820-4EC2-8071-4C95F484295C}.Debug|x64.Build.0 = Debug|x64
		{09E821DF-7820-4EC2-8071-4C95F484295C}.Debug|x86.ActiveCfg = Debug|Win32
		{09E821DF-7820-4EC2-8071-4C95F484295C}.Debug|x86.Build.0 = Debug|Win32
		{09E821DF-7820-4EC2-8071-4C95F484295C}.Release|x64.ActiveCfg = Release|x64
		{09E821DF-7820-4EC2-8071-4C95F484295C}.Release|x64.Build.0 = Release|x64
		{09E821DF-7820-4EC2-8071-4C95F484295C}.Release|x86.ActiveCfg = Release|Win32
		{09E821DF-7820-4EC2-8071-4C95F484295C}.Release|x86.Build.0 = Release|Win32
	EndGlobalSection
	GlobalSection(SolutionProperties) = preSolution
		HideSolutionNode = FALSE
	EndGlobalSection
EndGlobal
